
Microsoft Visual Studio Solution File, Format Version 12.00
Project("{2150E333-8FDC-42A3-9474-1A3956D46DE8}") = "1.OpenApi", "1.OpenApi", "{114A0D52-16CF-4105-AE19-49A6C849CB2B}"
EndProject
Project("{FAE04EC0-301F-11D3-BF4B-00C04F79EFBC}") = "SwaggerDemo", "1.OpenApi\Swagger\SwaggerDemo.csproj", "{600E0700-1ABB-4018-9312-F7AC7944D11F}"
EndProject
Project("{FAE04EC0-301F-11D3-BF4B-00C04F79EFBC}") = "RedocDemo", "1.OpenApi\ReDoc\RedocDemo.csproj", "{72BBC5AD-4053-4769-A412-33222598DDE0}"
EndProject
Project("{2150E333-8FDC-42A3-9474-1A3956D46DE8}") = "2.WebApi", "2.WebApi", "{F7AE4242-F61D-4171-BE8E-0A3F7B32D80C}"
EndProject
Project("{FAE04EC0-301F-11D3-BF4B-00C04F79EFBC}") = "JsonPatchDemo", "2.WebApi\JsonPatchDemo\JsonPatchDemo.csproj", "{6FB32600-220E-49FD-BEE2-987E4FB64D6D}"
EndProject
Project("{FAE04EC0-301F-11D3-BF4B-00C04F79EFBC}") = "ApiVersionDemo", "2.WebApi\ApiVersionDemo\ApiVersionDemo.csproj", "{CE8B9605-2A57-47DC-808D-EF9BC8D67274}"
EndProject
Project("{FAE04EC0-301F-11D3-BF4B-00C04F79EFBC}") = "ODataDemo", "2.WebApi\ODataDemo\ODataDemo.csproj", "{94187681-846D-457E-BF41-EE4FAC6DF106}"
EndProject
Project("{FAE04EC0-301F-11D3-BF4B-00C04F79EFBC}") = "GraphQLDemo", "2.WebApi\GraphQLDemo\GraphQLDemo.csproj", "{D04B914B-455C-4112-ACA1-3892F9140F6D}"
EndProject
Project("{2150E333-8FDC-42A3-9474-1A3956D46DE8}") = "3.RemoteRequest", "3.RemoteRequest", "{852AC0FA-2925-438C-834A-C171313B422F}"
EndProject
Project("{FAE04EC0-301F-11D3-BF4B-00C04F79EFBC}") = "RefitDemo", "3.RemoteRequest\RefitDemo\RefitDemo.csproj", "{3606C803-B68C-42D7-AC20-E329E5690AFF}"
EndProject
Project("{FAE04EC0-301F-11D3-BF4B-00C04F79EFBC}") = "WebApiClientDemo", "3.RemoteRequest\WebApiClientDemo\WebApiClientDemo.csproj", "{62C1B148-9E5E-4609-ABDE-0160EBFB2566}"
EndProject
Project("{2150E333-8FDC-42A3-9474-1A3956D46DE8}") = "4.Ocelot", "4.Ocelot", "{F3D7C6DE-2945-4057-A294-9ACEF58970A8}"
EndProject
Project("{FAE04EC0-301F-11D3-BF4B-00C04F79EFBC}") = "APIGateway", "4.Ocelot\APIGateway\APIGateway.csproj", "{99E2F503-5A28-4C52-99C4-E7CC8A2D598D}"
EndProject
Project("{FAE04EC0-301F-11D3-BF4B-00C04F79EFBC}") = "BasketApi", "4.Ocelot\BasketApi\BasketApi.csproj", "{850B79AD-6A1A-4831-A523-DF729CAC9070}"
EndProject
Project("{FAE04EC0-301F-11D3-BF4B-00C04F79EFBC}") = "CatalogApi", "4.Ocelot\CatalogApi\CatalogApi.csproj", "{31B62C05-696E-467C-84DB-D4E0E8E220BB}"
EndProject
Project("{2150E333-8FDC-42A3-9474-1A3956D46DE8}") = "5.ObjectMapper", "5.ObjectMapper", "{86578C43-0FA5-4FB9-BD96-01444E56D42B}"
EndProject
Project("{FAE04EC0-301F-11D3-BF4B-00C04F79EFBC}") = "AutoMapperDemo", "5.ObjectMapper\AutoMapperDemo\AutoMapperDemo.csproj", "{A3B0AC66-025D-4D5A-8622-DB1CCCD483D3}"
EndProject
Project("{2150E333-8FDC-42A3-9474-1A3956D46DE8}") = "6.Localization", "6.Localization", "{5912893C-ADDE-4097-A406-24C5EF642E93}"
EndProject
Project("{FAE04EC0-301F-11D3-BF4B-00C04F79EFBC}") = "LocalizationDemo", "6.Localization\LocalizationDemo.csproj", "{506CDDEF-687E-4DC0-9B87-4115F6656B58}"
EndProject
Project("{2150E333-8FDC-42A3-9474-1A3956D46DE8}") = "7.ControllerExceptions", "7.ControllerExceptions", "{F19ED061-3E4F-4DA6-8C5D-D1C9DC613A15}"
EndProject
Project("{FAE04EC0-301F-11D3-BF4B-00C04F79EFBC}") = "ControllerExceptions", "7.ControllerExceptions\ControllerExceptions.csproj", "{DB8A883B-3916-4918-80B7-DF67B107007A}"
EndProject
Project("{2150E333-8FDC-42A3-9474-1A3956D46DE8}") = "8.Authentication", "8.Authentication", "{050A7D6B-45CA-4760-B631-187AC820F4BD}"
EndProject
Project("{2150E333-8FDC-42A3-9474-1A3956D46DE8}") = "SolutionItems", "SolutionItems", "{B95F4EB6-944C-41D7-8F34-9DC5049D9856}"
ProjectSection(SolutionItems) = preProject
	README.md = README.md
EndProjectSection
EndProject
Project("{FAE04EC0-301F-11D3-BF4B-00C04F79EFBC}") = "MultiSchemeAuthentication", "8.Authentication\MultiSchemeAuthentication\MultiSchemeAuthentication.csproj", "{E1D395B8-30FF-4AE6-8776-222674B75BC5}"
EndProject
Project("{2150E333-8FDC-42A3-9474-1A3956D46DE8}") = "9.BackendJob", "9.BackendJob", "{7BB67F41-98E4-47C7-A388-2823B403FFBB}"
EndProject
Project("{FAE04EC0-301F-11D3-BF4B-00C04F79EFBC}") = "HostedServiceDemo", "9.BackendJob\HostedService\HostedServiceDemo.csproj", "{30A0ED43-CE91-4894-AE97-AC39E6394D96}"
EndProject
Project("{FAE04EC0-301F-11D3-BF4B-00C04F79EFBC}") = "WorkflowDemo", "9.BackendJob\Workflow\WorkflowDemo.csproj", "{89DCA36B-98F9-4440-A509-CE0848F51A28}"
EndProject
Project("{2150E333-8FDC-42A3-9474-1A3956D46DE8}") = "10.Nacos", "10.Nacos", "{651D7EE5-C10E-442F-BA85-64D15B90069C}"
EndProject
Project("{FAE04EC0-301F-11D3-BF4B-00C04F79EFBC}") = "NacosApp1", "10.Nacos\NacosApp1\NacosApp1.csproj", "{BAC3006F-CB7D-4999-86AC-562F59A11E71}"
EndProject
Project("{FAE04EC0-301F-11D3-BF4B-00C04F79EFBC}") = "NacosApp2", "10.Nacos\NacosApp2\NacosApp2.csproj", "{CC8151D8-146F-4CA4-9B32-AF0E89C0B3F9}"
EndProject
Project("{FAE04EC0-301F-11D3-BF4B-00C04F79EFBC}") = "NacosApp3", "10.Nacos\NacosApp3\NacosApp3.csproj", "{0EC80BEF-59AE-498D-A657-980A901CC524}"
EndProject
Project("{FAE04EC0-301F-11D3-BF4B-00C04F79EFBC}") = "NacosClientExtensions", "10.Nacos\NacosClientExtensions\NacosClientExtensions.csproj", "{E8ED5B1D-5224-4396-BD87-50998A11839C}"
EndProject
Project("{FAE04EC0-301F-11D3-BF4B-00C04F79EFBC}") = "NacosExtensions", "10.Nacos\NacosExtensions\NacosExtensions.csproj", "{20EB5520-7461-4B58-B13D-3ABEE3264F0B}"
EndProject
Project("{FAE04EC0-301F-11D3-BF4B-00C04F79EFBC}") = "NacosExtensions.Tests", "10.Nacos\NacosExtensions.Tests\NacosExtensions.Tests.csproj", "{0E479FC0-E437-41FD-8091-5BE0E773A701}"
EndProject
Project("{2150E333-8FDC-42A3-9474-1A3956D46DE8}") = "11.Furion", "11.Furion", "{883D3A56-3087-4286-88C4-B3BA5D74EE27}"
EndProject
Project("{FAE04EC0-301F-11D3-BF4B-00C04F79EFBC}") = "WebApiApplication", "11.Furion\WebApiApplication.csproj", "{C8803789-3139-41CA-B53A-5496C2390033}"
EndProject
Project("{2150E333-8FDC-42A3-9474-1A3956D46DE8}") = "12.EntityFrameworkCore", "12.EntityFrameworkCore", "{97726C79-47C9-4105-B114-A2A90369F69F}"
EndProject
Project("{FAE04EC0-301F-11D3-BF4B-00C04F79EFBC}") = "InMemoryDatabaseDemo", "12.EntityFrameworkCore\InMemoryDatabaseDemo\InMemoryDatabaseDemo.csproj", "{4CC48BFA-44D7-4185-A36E-3E6DC6D02035}"
EndProject
Project("{FAE04EC0-301F-11D3-BF4B-00C04F79EFBC}") = "SqliteInMemoryDatabaseDemo", "12.EntityFrameworkCore\SqliteInMemoryDatabaseDemo\SqliteInMemoryDatabaseDemo.csproj", "{036B4822-7E25-40E1-B871-77DB47CEF8AF}"
EndProject
Project("{2150E333-8FDC-42A3-9474-1A3956D46DE8}") = "13.EmbeddedFile", "13.EmbeddedFile", "{B7B92D45-D129-4A4C-A26B-563AC529B065}"
EndProject
Project("{FAE04EC0-301F-11D3-BF4B-00C04F79EFBC}") = "AspNetCoreEmbeddedFile", "13.EmbeddedFile\AspNetCoreEmbeddedFile.csproj", "{A87C2780-EBDF-4F02-A9A1-44ECB07DFDFC}"
EndProject
Project("{2150E333-8FDC-42A3-9474-1A3956D46DE8}") = "14.PhysicalFileProvider", "14.PhysicalFileProvider", "{5534494F-FE62-4C8A-A987-A0C313FD050D}"
EndProject
Project("{FAE04EC0-301F-11D3-BF4B-00C04F79EFBC}") = "PhysicalFileProviderDemo", "14.PhysicalFileProvider\PhysicalFileProviderDemo.csproj", "{A1E9EFBD-D6D7-4244-90A7-B6E4B63274D2}"
EndProject
Project("{2150E333-8FDC-42A3-9474-1A3956D46DE8}") = "15.Protobuf", "15.Protobuf", "{656FEFE6-5A55-4FF3-A6F2-5D7C8E3B2253}"
EndProject
Project("{FAE04EC0-301F-11D3-BF4B-00C04F79EFBC}") = "ProtobufDemo", "15.Protobuf\ProtobufDemo.csproj", "{88A757AF-52F2-420C-B24A-0CD9194A109B}"
EndProject
Project("{2150E333-8FDC-42A3-9474-1A3956D46DE8}") = "16.RxNet", "16.RxNet", "{830D39AB-38D7-4D13-845B-F0067FC7F2A9}"
EndProject
Project("{FAE04EC0-301F-11D3-BF4B-00C04F79EFBC}") = "ReactiveDemo", "16.RxNet\ReactiveDemo.csproj", "{02AFD74F-C651-43E2-BE41-5AC3D2AF0FF4}"
EndProject
Project("{2150E333-8FDC-42A3-9474-1A3956D46DE8}") = "17.Minio", "17.Minio", "{CA2B1990-7E5A-4109-B8D2-BDC851CAAD7A}"
EndProject
Project("{FAE04EC0-301F-11D3-BF4B-00C04F79EFBC}") = "MinioDemo", "17.Minio\MinioDemo.csproj", "{897B5514-DD24-40CF-8681-5136D06D274C}"
EndProject
Global
	GlobalSection(SolutionConfigurationPlatforms) = preSolution
		Debug|Any CPU = Debug|Any CPU
		Release|Any CPU = Release|Any CPU
	EndGlobalSection
	GlobalSection(NestedProjects) = preSolution
		{600E0700-1ABB-4018-9312-F7AC7944D11F} = {114A0D52-16CF-4105-AE19-49A6C849CB2B}
		{72BBC5AD-4053-4769-A412-33222598DDE0} = {114A0D52-16CF-4105-AE19-49A6C849CB2B}
		{6FB32600-220E-49FD-BEE2-987E4FB64D6D} = {F7AE4242-F61D-4171-BE8E-0A3F7B32D80C}
		{CE8B9605-2A57-47DC-808D-EF9BC8D67274} = {F7AE4242-F61D-4171-BE8E-0A3F7B32D80C}
		{94187681-846D-457E-BF41-EE4FAC6DF106} = {F7AE4242-F61D-4171-BE8E-0A3F7B32D80C}
		{D04B914B-455C-4112-ACA1-3892F9140F6D} = {F7AE4242-F61D-4171-BE8E-0A3F7B32D80C}
		{3606C803-B68C-42D7-AC20-E329E5690AFF} = {852AC0FA-2925-438C-834A-C171313B422F}
		{62C1B148-9E5E-4609-ABDE-0160EBFB2566} = {852AC0FA-2925-438C-834A-C171313B422F}
		{99E2F503-5A28-4C52-99C4-E7CC8A2D598D} = {F3D7C6DE-2945-4057-A294-9ACEF58970A8}
		{850B79AD-6A1A-4831-A523-DF729CAC9070} = {F3D7C6DE-2945-4057-A294-9ACEF58970A8}
		{31B62C05-696E-467C-84DB-D4E0E8E220BB} = {F3D7C6DE-2945-4057-A294-9ACEF58970A8}
		{A3B0AC66-025D-4D5A-8622-DB1CCCD483D3} = {86578C43-0FA5-4FB9-BD96-01444E56D42B}
		{506CDDEF-687E-4DC0-9B87-4115F6656B58} = {5912893C-ADDE-4097-A406-24C5EF642E93}
		{DB8A883B-3916-4918-80B7-DF67B107007A} = {F19ED061-3E4F-4DA6-8C5D-D1C9DC613A15}
		{E1D395B8-30FF-4AE6-8776-222674B75BC5} = {050A7D6B-45CA-4760-B631-187AC820F4BD}
		{30A0ED43-CE91-4894-AE97-AC39E6394D96} = {7BB67F41-98E4-47C7-A388-2823B403FFBB}
		{89DCA36B-98F9-4440-A509-CE0848F51A28} = {7BB67F41-98E4-47C7-A388-2823B403FFBB}
		{BAC3006F-CB7D-4999-86AC-562F59A11E71} = {651D7EE5-C10E-442F-BA85-64D15B90069C}
		{CC8151D8-146F-4CA4-9B32-AF0E89C0B3F9} = {651D7EE5-C10E-442F-BA85-64D15B90069C}
		{0EC80BEF-59AE-498D-A657-980A901CC524} = {651D7EE5-C10E-442F-BA85-64D15B90069C}
		{E8ED5B1D-5224-4396-BD87-50998A11839C} = {651D7EE5-C10E-442F-BA85-64D15B90069C}
		{20EB5520-7461-4B58-B13D-3ABEE3264F0B} = {651D7EE5-C10E-442F-BA85-64D15B90069C}
		{0E479FC0-E437-41FD-8091-5BE0E773A701} = {651D7EE5-C10E-442F-BA85-64D15B90069C}
		{C8803789-3139-41CA-B53A-5496C2390033} = {883D3A56-3087-4286-88C4-B3BA5D74EE27}
		{4CC48BFA-44D7-4185-A36E-3E6DC6D02035} = {97726C79-47C9-4105-B114-A2A90369F69F}
		{036B4822-7E25-40E1-B871-77DB47CEF8AF} = {97726C79-47C9-4105-B114-A2A90369F69F}
		{A87C2780-EBDF-4F02-A9A1-44ECB07DFDFC} = {B7B92D45-D129-4A4C-A26B-563AC529B065}
		{A1E9EFBD-D6D7-4244-90A7-B6E4B63274D2} = {5534494F-FE62-4C8A-A987-A0C313FD050D}
		{88A757AF-52F2-420C-B24A-0CD9194A109B} = {656FEFE6-5A55-4FF3-A6F2-5D7C8E3B2253}
		{02AFD74F-C651-43E2-BE41-5AC3D2AF0FF4} = {830D39AB-38D7-4D13-845B-F0067FC7F2A9}
		{897B5514-DD24-40CF-8681-5136D06D274C} = {CA2B1990-7E5A-4109-B8D2-BDC851CAAD7A}
	EndGlobalSection
	GlobalSection(ProjectConfigurationPlatforms) = postSolution
		{600E0700-1ABB-4018-9312-F7AC7944D11F}.Debug|Any CPU.ActiveCfg = Debug|Any CPU
		{600E0700-1ABB-4018-9312-F7AC7944D11F}.Debug|Any CPU.Build.0 = Debug|Any CPU
		{600E0700-1ABB-4018-9312-F7AC7944D11F}.Release|Any CPU.ActiveCfg = Release|Any CPU
		{600E0700-1ABB-4018-9312-F7AC7944D11F}.Release|Any CPU.Build.0 = Release|Any CPU
		{72BBC5AD-4053-4769-A412-33222598DDE0}.Debug|Any CPU.ActiveCfg = Debug|Any CPU
		{72BBC5AD-4053-4769-A412-33222598DDE0}.Debug|Any CPU.Build.0 = Debug|Any CPU
		{72BBC5AD-4053-4769-A412-33222598DDE0}.Release|Any CPU.ActiveCfg = Release|Any CPU
		{72BBC5AD-4053-4769-A412-33222598DDE0}.Release|Any CPU.Build.0 = Release|Any CPU
		{6FB32600-220E-49FD-BEE2-987E4FB64D6D}.Debug|Any CPU.ActiveCfg = Debug|Any CPU
		{6FB32600-220E-49FD-BEE2-987E4FB64D6D}.Debug|Any CPU.Build.0 = Debug|Any CPU
		{6FB32600-220E-49FD-BEE2-987E4FB64D6D}.Release|Any CPU.ActiveCfg = Release|Any CPU
		{6FB32600-220E-49FD-BEE2-987E4FB64D6D}.Release|Any CPU.Build.0 = Release|Any CPU
		{CE8B9605-2A57-47DC-808D-EF9BC8D67274}.Debug|Any CPU.ActiveCfg = Debug|Any CPU
		{CE8B9605-2A57-47DC-808D-EF9BC8D67274}.Debug|Any CPU.Build.0 = Debug|Any CPU
		{CE8B9605-2A57-47DC-808D-EF9BC8D67274}.Release|Any CPU.ActiveCfg = Release|Any CPU
		{CE8B9605-2A57-47DC-808D-EF9BC8D67274}.Release|Any CPU.Build.0 = Release|Any CPU
		{94187681-846D-457E-BF41-EE4FAC6DF106}.Debug|Any CPU.ActiveCfg = Debug|Any CPU
		{94187681-846D-457E-BF41-EE4FAC6DF106}.Debug|Any CPU.Build.0 = Debug|Any CPU
		{94187681-846D-457E-BF41-EE4FAC6DF106}.Release|Any CPU.ActiveCfg = Release|Any CPU
		{94187681-846D-457E-BF41-EE4FAC6DF106}.Release|Any CPU.Build.0 = Release|Any CPU
		{D04B914B-455C-4112-ACA1-3892F9140F6D}.Debug|Any CPU.ActiveCfg = Debug|Any CPU
		{D04B914B-455C-4112-ACA1-3892F9140F6D}.Debug|Any CPU.Build.0 = Debug|Any CPU
		{D04B914B-455C-4112-ACA1-3892F9140F6D}.Release|Any CPU.ActiveCfg = Release|Any CPU
		{D04B914B-455C-4112-ACA1-3892F9140F6D}.Release|Any CPU.Build.0 = Release|Any CPU
		{3606C803-B68C-42D7-AC20-E329E5690AFF}.Debug|Any CPU.ActiveCfg = Debug|Any CPU
		{3606C803-B68C-42D7-AC20-E329E5690AFF}.Debug|Any CPU.Build.0 = Debug|Any CPU
		{3606C803-B68C-42D7-AC20-E329E5690AFF}.Release|Any CPU.ActiveCfg = Release|Any CPU
		{3606C803-B68C-42D7-AC20-E329E5690AFF}.Release|Any CPU.Build.0 = Release|Any CPU
		{62C1B148-9E5E-4609-ABDE-0160EBFB2566}.Debug|Any CPU.ActiveCfg = Debug|Any CPU
		{62C1B148-9E5E-4609-ABDE-0160EBFB2566}.Debug|Any CPU.Build.0 = Debug|Any CPU
		{62C1B148-9E5E-4609-ABDE-0160EBFB2566}.Release|Any CPU.ActiveCfg = Release|Any CPU
		{62C1B148-9E5E-4609-ABDE-0160EBFB2566}.Release|Any CPU.Build.0 = Release|Any CPU
		{99E2F503-5A28-4C52-99C4-E7CC8A2D598D}.Debug|Any CPU.ActiveCfg = Debug|Any CPU
		{99E2F503-5A28-4C52-99C4-E7CC8A2D598D}.Debug|Any CPU.Build.0 = Debug|Any CPU
		{99E2F503-5A28-4C52-99C4-E7CC8A2D598D}.Release|Any CPU.ActiveCfg = Release|Any CPU
		{99E2F503-5A28-4C52-99C4-E7CC8A2D598D}.Release|Any CPU.Build.0 = Release|Any CPU
		{850B79AD-6A1A-4831-A523-DF729CAC9070}.Debug|Any CPU.ActiveCfg = Debug|Any CPU
		{850B79AD-6A1A-4831-A523-DF729CAC9070}.Debug|Any CPU.Build.0 = Debug|Any CPU
		{850B79AD-6A1A-4831-A523-DF729CAC9070}.Release|Any CPU.ActiveCfg = Release|Any CPU
		{850B79AD-6A1A-4831-A523-DF729CAC9070}.Release|Any CPU.Build.0 = Release|Any CPU
		{31B62C05-696E-467C-84DB-D4E0E8E220BB}.Debug|Any CPU.ActiveCfg = Debug|Any CPU
		{31B62C05-696E-467C-84DB-D4E0E8E220BB}.Debug|Any CPU.Build.0 = Debug|Any CPU
		{31B62C05-696E-467C-84DB-D4E0E8E220BB}.Release|Any CPU.ActiveCfg = Release|Any CPU
		{31B62C05-696E-467C-84DB-D4E0E8E220BB}.Release|Any CPU.Build.0 = Release|Any CPU
		{A3B0AC66-025D-4D5A-8622-DB1CCCD483D3}.Debug|Any CPU.ActiveCfg = Debug|Any CPU
		{A3B0AC66-025D-4D5A-8622-DB1CCCD483D3}.Debug|Any CPU.Build.0 = Debug|Any CPU
		{A3B0AC66-025D-4D5A-8622-DB1CCCD483D3}.Release|Any CPU.ActiveCfg = Release|Any CPU
		{A3B0AC66-025D-4D5A-8622-DB1CCCD483D3}.Release|Any CPU.Build.0 = Release|Any CPU
		{506CDDEF-687E-4DC0-9B87-4115F6656B58}.Debug|Any CPU.ActiveCfg = Debug|Any CPU
		{506CDDEF-687E-4DC0-9B87-4115F6656B58}.Debug|Any CPU.Build.0 = Debug|Any CPU
		{506CDDEF-687E-4DC0-9B87-4115F6656B58}.Release|Any CPU.ActiveCfg = Release|Any CPU
		{506CDDEF-687E-4DC0-9B87-4115F6656B58}.Release|Any CPU.Build.0 = Release|Any CPU
		{DB8A883B-3916-4918-80B7-DF67B107007A}.Debug|Any CPU.ActiveCfg = Debug|Any CPU
		{DB8A883B-3916-4918-80B7-DF67B107007A}.Debug|Any CPU.Build.0 = Debug|Any CPU
		{DB8A883B-3916-4918-80B7-DF67B107007A}.Release|Any CPU.ActiveCfg = Release|Any CPU
		{DB8A883B-3916-4918-80B7-DF67B107007A}.Release|Any CPU.Build.0 = Release|Any CPU
		{E1D395B8-30FF-4AE6-8776-222674B75BC5}.Debug|Any CPU.ActiveCfg = Debug|Any CPU
		{E1D395B8-30FF-4AE6-8776-222674B75BC5}.Debug|Any CPU.Build.0 = Debug|Any CPU
		{E1D395B8-30FF-4AE6-8776-222674B75BC5}.Release|Any CPU.ActiveCfg = Release|Any CPU
		{E1D395B8-30FF-4AE6-8776-222674B75BC5}.Release|Any CPU.Build.0 = Release|Any CPU
		{30A0ED43-CE91-4894-AE97-AC39E6394D96}.Debug|Any CPU.ActiveCfg = Debug|Any CPU
		{30A0ED43-CE91-4894-AE97-AC39E6394D96}.Debug|Any CPU.Build.0 = Debug|Any CPU
		{30A0ED43-CE91-4894-AE97-AC39E6394D96}.Release|Any CPU.ActiveCfg = Release|Any CPU
		{30A0ED43-CE91-4894-AE97-AC39E6394D96}.Release|Any CPU.Build.0 = Release|Any CPU
		{89DCA36B-98F9-4440-A509-CE0848F51A28}.Debug|Any CPU.ActiveCfg = Debug|Any CPU
		{89DCA36B-98F9-4440-A509-CE0848F51A28}.Debug|Any CPU.Build.0 = Debug|Any CPU
		{89DCA36B-98F9-4440-A509-CE0848F51A28}.Release|Any CPU.ActiveCfg = Release|Any CPU
		{89DCA36B-98F9-4440-A509-CE0848F51A28}.Release|Any CPU.Build.0 = Release|Any CPU
		{BAC3006F-CB7D-4999-86AC-562F59A11E71}.Debug|Any CPU.ActiveCfg = Debug|Any CPU
		{BAC3006F-CB7D-4999-86AC-562F59A11E71}.Debug|Any CPU.Build.0 = Debug|Any CPU
		{BAC3006F-CB7D-4999-86AC-562F59A11E71}.Release|Any CPU.ActiveCfg = Release|Any CPU
		{BAC3006F-CB7D-4999-86AC-562F59A11E71}.Release|Any CPU.Build.0 = Release|Any CPU
		{CC8151D8-146F-4CA4-9B32-AF0E89C0B3F9}.Debug|Any CPU.ActiveCfg = Debug|Any CPU
		{CC8151D8-146F-4CA4-9B32-AF0E89C0B3F9}.Debug|Any CPU.Build.0 = Debug|Any CPU
		{CC8151D8-146F-4CA4-9B32-AF0E89C0B3F9}.Release|Any CPU.ActiveCfg = Release|Any CPU
		{CC8151D8-146F-4CA4-9B32-AF0E89C0B3F9}.Release|Any CPU.Build.0 = Release|Any CPU
		{0EC80BEF-59AE-498D-A657-980A901CC524}.Debug|Any CPU.ActiveCfg = Debug|Any CPU
		{0EC80BEF-59AE-498D-A657-980A901CC524}.Debug|Any CPU.Build.0 = Debug|Any CPU
		{0EC80BEF-59AE-498D-A657-980A901CC524}.Release|Any CPU.ActiveCfg = Release|Any CPU
		{0EC80BEF-59AE-498D-A657-980A901CC524}.Release|Any CPU.Build.0 = Release|Any CPU
		{E8ED5B1D-5224-4396-BD87-50998A11839C}.Debug|Any CPU.ActiveCfg = Debug|Any CPU
		{E8ED5B1D-5224-4396-BD87-50998A11839C}.Debug|Any CPU.Build.0 = Debug|Any CPU
		{E8ED5B1D-5224-4396-BD87-50998A11839C}.Release|Any CPU.ActiveCfg = Release|Any CPU
		{E8ED5B1D-5224-4396-BD87-50998A11839C}.Release|Any CPU.Build.0 = Release|Any CPU
		{20EB5520-7461-4B58-B13D-3ABEE3264F0B}.Debug|Any CPU.ActiveCfg = Debug|Any CPU
		{20EB5520-7461-4B58-B13D-3ABEE3264F0B}.Debug|Any CPU.Build.0 = Debug|Any CPU
		{20EB5520-7461-4B58-B13D-3ABEE3264F0B}.Release|Any CPU.ActiveCfg = Release|Any CPU
		{20EB5520-7461-4B58-B13D-3ABEE3264F0B}.Release|Any CPU.Build.0 = Release|Any CPU
		{0E479FC0-E437-41FD-8091-5BE0E773A701}.Debug|Any CPU.ActiveCfg = Debug|Any CPU
		{0E479FC0-E437-41FD-8091-5BE0E773A701}.Debug|Any CPU.Build.0 = Debug|Any CPU
		{0E479FC0-E437-41FD-8091-5BE0E773A701}.Release|Any CPU.ActiveCfg = Release|Any CPU
		{0E479FC0-E437-41FD-8091-5BE0E773A701}.Release|Any CPU.Build.0 = Release|Any CPU
		{C8803789-3139-41CA-B53A-5496C2390033}.Debug|Any CPU.ActiveCfg = Debug|Any CPU
		{C8803789-3139-41CA-B53A-5496C2390033}.Debug|Any CPU.Build.0 = Debug|Any CPU
		{C8803789-3139-41CA-B53A-5496C2390033}.Release|Any CPU.ActiveCfg = Release|Any CPU
		{C8803789-3139-41CA-B53A-5496C2390033}.Release|Any CPU.Build.0 = Release|Any CPU
		{4CC48BFA-44D7-4185-A36E-3E6DC6D02035}.Debug|Any CPU.ActiveCfg = Debug|Any CPU
		{4CC48BFA-44D7-4185-A36E-3E6DC6D02035}.Debug|Any CPU.Build.0 = Debug|Any CPU
		{4CC48BFA-44D7-4185-A36E-3E6DC6D02035}.Release|Any CPU.ActiveCfg = Release|Any CPU
		{4CC48BFA-44D7-4185-A36E-3E6DC6D02035}.Release|Any CPU.Build.0 = Release|Any CPU
		{036B4822-7E25-40E1-B871-77DB47CEF8AF}.Debug|Any CPU.ActiveCfg = Debug|Any CPU
		{036B4822-7E25-40E1-B871-77DB47CEF8AF}.Debug|Any CPU.Build.0 = Debug|Any CPU
		{036B4822-7E25-40E1-B871-77DB47CEF8AF}.Release|Any CPU.ActiveCfg = Release|Any CPU
		{036B4822-7E25-40E1-B871-77DB47CEF8AF}.Release|Any CPU.Build.0 = Release|Any CPU
		{A87C2780-EBDF-4F02-A9A1-44ECB07DFDFC}.Debug|Any CPU.ActiveCfg = Debug|Any CPU
		{A87C2780-EBDF-4F02-A9A1-44ECB07DFDFC}.Debug|Any CPU.Build.0 = Debug|Any CPU
		{A87C2780-EBDF-4F02-A9A1-44ECB07DFDFC}.Release|Any CPU.ActiveCfg = Release|Any CPU
		{A87C2780-EBDF-4F02-A9A1-44ECB07DFDFC}.Release|Any CPU.Build.0 = Release|Any CPU
		{A1E9EFBD-D6D7-4244-90A7-B6E4B63274D2}.Debug|Any CPU.ActiveCfg = Debug|Any CPU
		{A1E9EFBD-D6D7-4244-90A7-B6E4B63274D2}.Debug|Any CPU.Build.0 = Debug|Any CPU
		{A1E9EFBD-D6D7-4244-90A7-B6E4B63274D2}.Release|Any CPU.ActiveCfg = Release|Any CPU
		{A1E9EFBD-D6D7-4244-90A7-B6E4B63274D2}.Release|Any CPU.Build.0 = Release|Any CPU
		{88A757AF-52F2-420C-B24A-0CD9194A109B}.Debug|Any CPU.ActiveCfg = Debug|Any CPU
		{88A757AF-52F2-420C-B24A-0CD9194A109B}.Debug|Any CPU.Build.0 = Debug|Any CPU
		{88A757AF-52F2-420C-B24A-0CD9194A109B}.Release|Any CPU.ActiveCfg = Release|Any CPU
		{88A757AF-52F2-420C-B24A-0CD9194A109B}.Release|Any CPU.Build.0 = Release|Any CPU
		{02AFD74F-C651-43E2-BE41-5AC3D2AF0FF4}.Debug|Any CPU.ActiveCfg = Debug|Any CPU
		{02AFD74F-C651-43E2-BE41-5AC3D2AF0FF4}.Debug|Any CPU.Build.0 = Debug|Any CPU
		{02AFD74F-C651-43E2-BE41-5AC3D2AF0FF4}.Release|Any CPU.ActiveCfg = Release|Any CPU
		{02AFD74F-C651-43E2-BE41-5AC3D2AF0FF4}.Release|Any CPU.Build.0 = Release|Any CPU
		{897B5514-DD24-40CF-8681-5136D06D274C}.Debug|Any CPU.ActiveCfg = Debug|Any CPU
		{897B5514-DD24-40CF-8681-5136D06D274C}.Debug|Any CPU.Build.0 = Debug|Any CPU
		{897B5514-DD24-40CF-8681-5136D06D274C}.Release|Any CPU.ActiveCfg = Release|Any CPU
		{897B5514-DD24-40CF-8681-5136D06D274C}.Release|Any CPU.Build.0 = Release|Any CPU
	EndGlobalSection
EndGlobal
