
Microsoft Visual Studio Solution File, Format Version 12.00
# Visual Studio Version 16
VisualStudioVersion = 16.0.30002.166
MinimumVisualStudioVersion = 10.0.40219.1
Project("{9A19103F-16F7-4668-BE54-9A1E7A4F7556}") = "WorkflowSample", "WorkflowSample.csproj", "{74D66DC4-D658-495A-8BF7-F69EE9F5A113}"
EndProject
Global
	GlobalSection(SolutionConfigurationPlatforms) = preSolution
		Debug|Any CPU = Debug|Any CPU
		Release|Any CPU = Release|Any CPU
	EndGlobalSection
	GlobalSection(ProjectConfigurationPlatforms) = postSolution
		{74D66DC4-D658-495A-8BF7-F69EE9F5A113}.Debug|Any CPU.ActiveCfg = Debug|Any CPU
		{74D66DC4-D658-495A-8BF7-F69EE9F5A113}.Debug|Any CPU.Build.0 = Debug|Any CPU
		{74D66DC4-D658-495A-8BF7-F69EE9F5A113}.Release|Any CPU.ActiveCfg = Release|Any CPU
		{74D66DC4-D658-495A-8BF7-F69EE9F5A113}.Release|Any CPU.Build.0 = Release|Any CPU
	EndGlobalSection
	GlobalSection(SolutionProperties) = preSolution
		HideSolutionNode = FALSE
	EndGlobalSection
	GlobalSection(ExtensibilityGlobals) = postSolution
		SolutionGuid = {24623DC0-2975-43EE-9CF4-3EF501E1346A}
	EndGlobalSection
EndGlobal
