
Microsoft Visual Studio Solution File, Format Version 12.00
Project("{FAE04EC0-301F-11D3-BF4B-00C04F79EFBC}") = "ApiDocument", "ApiDocument.csproj", "{B64E5F3B-1789-4757-A81C-B9A1D727CF54}"
EndProject
Global
	GlobalSection(SolutionConfigurationPlatforms) = preSolution
		Debug|Any CPU = Debug|Any CPU
		Release|Any CPU = Release|Any CPU
	EndGlobalSection
	GlobalSection(ProjectConfigurationPlatforms) = postSolution
		{B64E5F3B-1789-4757-A81C-B9A1D727CF54}.Debug|Any CPU.ActiveCfg = Debug|Any CPU
		{B64E5F3B-1789-4757-A81C-B9A1D727CF54}.Debug|Any CPU.Build.0 = Debug|Any CPU
		{B64E5F3B-1789-4757-A81C-B9A1D727CF54}.Release|Any CPU.ActiveCfg = Release|Any CPU
		{B64E5F3B-1789-4757-A81C-B9A1D727CF54}.Release|Any CPU.Build.0 = Release|Any CPU
	EndGlobalSection
EndGlobal
