
Microsoft Visual Studio Solution File, Format Version 12.00
# Visual Studio Version 16
VisualStudioVersion = 16.0.30204.135
MinimumVisualStudioVersion = 10.0.40219.1
Project("{9A19103F-16F7-4668-BE54-9A1E7A4F7556}") = "NacosApp1", "NacosApp1\NacosApp1.csproj", "{E139A8F2-F842-4332-8E85-C4B78139DE20}"
EndProject
Project("{9A19103F-16F7-4668-BE54-9A1E7A4F7556}") = "NacosClientExtensions", "NacosClientExtensions\NacosClientExtensions.csproj", "{A5AD7589-BEE8-429C-A35C-2208962C8B30}"
EndProject
Project("{9A19103F-16F7-4668-BE54-9A1E7A4F7556}") = "NacosApp2", "NacosApp2\NacosApp2.csproj", "{4DF4319E-E318-4135-949C-14510364D119}"
EndProject
Project("{FAE04EC0-301F-11D3-BF4B-00C04F79EFBC}") = "NacosExtensions", "NacosExtensions\NacosExtensions.csproj", "{CB697482-E915-4609-872F-1BD972DCE022}"
EndProject
Project("{FAE04EC0-301F-11D3-BF4B-00C04F79EFBC}") = "NacosApp3", "NacosApp3\NacosApp3.csproj", "{CB1C0E76-A9BB-4C42-A69D-BE68B3401EF7}"
EndProject
Project("{FAE04EC0-301F-11D3-BF4B-00C04F79EFBC}") = "NacosExtensions.Tests", "NacosExtensions.Tests\NacosExtensions.Tests.csproj", "{D3B5B8F4-7062-4AED-BC8E-314998672276}"
EndProject
Global
	GlobalSection(SolutionConfigurationPlatforms) = preSolution
		Debug|Any CPU = Debug|Any CPU
		Release|Any CPU = Release|Any CPU
	EndGlobalSection
	GlobalSection(ProjectConfigurationPlatforms) = postSolution
		{E139A8F2-F842-4332-8E85-C4B78139DE20}.Debug|Any CPU.ActiveCfg = Debug|Any CPU
		{E139A8F2-F842-4332-8E85-C4B78139DE20}.Debug|Any CPU.Build.0 = Debug|Any CPU
		{E139A8F2-F842-4332-8E85-C4B78139DE20}.Release|Any CPU.ActiveCfg = Release|Any CPU
		{E139A8F2-F842-4332-8E85-C4B78139DE20}.Release|Any CPU.Build.0 = Release|Any CPU
		{A5AD7589-BEE8-429C-A35C-2208962C8B30}.Debug|Any CPU.ActiveCfg = Debug|Any CPU
		{A5AD7589-BEE8-429C-A35C-2208962C8B30}.Debug|Any CPU.Build.0 = Debug|Any CPU
		{A5AD7589-BEE8-429C-A35C-2208962C8B30}.Release|Any CPU.ActiveCfg = Release|Any CPU
		{A5AD7589-BEE8-429C-A35C-2208962C8B30}.Release|Any CPU.Build.0 = Release|Any CPU
		{4DF4319E-E318-4135-949C-14510364D119}.Debug|Any CPU.ActiveCfg = Debug|Any CPU
		{4DF4319E-E318-4135-949C-14510364D119}.Debug|Any CPU.Build.0 = Debug|Any CPU
		{4DF4319E-E318-4135-949C-14510364D119}.Release|Any CPU.ActiveCfg = Release|Any CPU
		{4DF4319E-E318-4135-949C-14510364D119}.Release|Any CPU.Build.0 = Release|Any CPU
		{CB697482-E915-4609-872F-1BD972DCE022}.Debug|Any CPU.ActiveCfg = Debug|Any CPU
		{CB697482-E915-4609-872F-1BD972DCE022}.Debug|Any CPU.Build.0 = Debug|Any CPU
		{CB697482-E915-4609-872F-1BD972DCE022}.Release|Any CPU.ActiveCfg = Release|Any CPU
		{CB697482-E915-4609-872F-1BD972DCE022}.Release|Any CPU.Build.0 = Release|Any CPU
		{CB1C0E76-A9BB-4C42-A69D-BE68B3401EF7}.Debug|Any CPU.ActiveCfg = Debug|Any CPU
		{CB1C0E76-A9BB-4C42-A69D-BE68B3401EF7}.Debug|Any CPU.Build.0 = Debug|Any CPU
		{CB1C0E76-A9BB-4C42-A69D-BE68B3401EF7}.Release|Any CPU.ActiveCfg = Release|Any CPU
		{CB1C0E76-A9BB-4C42-A69D-BE68B3401EF7}.Release|Any CPU.Build.0 = Release|Any CPU
		{D3B5B8F4-7062-4AED-BC8E-314998672276}.Debug|Any CPU.ActiveCfg = Debug|Any CPU
		{D3B5B8F4-7062-4AED-BC8E-314998672276}.Debug|Any CPU.Build.0 = Debug|Any CPU
		{D3B5B8F4-7062-4AED-BC8E-314998672276}.Release|Any CPU.ActiveCfg = Release|Any CPU
		{D3B5B8F4-7062-4AED-BC8E-314998672276}.Release|Any CPU.Build.0 = Release|Any CPU
	EndGlobalSection
	GlobalSection(SolutionProperties) = preSolution
		HideSolutionNode = FALSE
	EndGlobalSection
	GlobalSection(ExtensibilityGlobals) = postSolution
		SolutionGuid = {6AA3130B-CE2E-4E97-82BD-EA9B888137EC}
	EndGlobalSection
EndGlobal
