
Microsoft Visual Studio Solution File, Format Version 12.00
# Visual Studio Version 17
VisualStudioVersion = 17.0.32014.148
MinimumVisualStudioVersion = 10.0.40219.1
Project("{FAE04EC0-301F-11D3-BF4B-00C04F79EFBC}") = "Proxy", "Proxy.csproj", "{300BBE05-8277-4597-BC5F-0F1B5A85A2AD}"
EndProject
Global
	GlobalSection(SolutionConfigurationPlatforms) = preSolution
		Debug|Any CPU = Debug|Any CPU
		Release|Any CPU = Release|Any CPU
	EndGlobalSection
	GlobalSection(ProjectConfigurationPlatforms) = postSolution
		{300BBE05-8277-4597-BC5F-0F1B5A85A2AD}.Debug|Any CPU.ActiveCfg = Debug|Any CPU
		{300BBE05-8277-4597-BC5F-0F1B5A85A2AD}.Debug|Any CPU.Build.0 = Debug|Any CPU
		{300BBE05-8277-4597-BC5F-0F1B5A85A2AD}.Release|Any CPU.ActiveCfg = Release|Any CPU
		{300BBE05-8277-4597-BC5F-0F1B5A85A2AD}.Release|Any CPU.Build.0 = Release|Any CPU
	EndGlobalSection
	GlobalSection(SolutionProperties) = preSolution
		HideSolutionNode = FALSE
	EndGlobalSection
	GlobalSection(ExtensibilityGlobals) = postSolution
		SolutionGuid = {B7142BCB-2B34-4C46-BE09-D933B5C84B61}
	EndGlobalSection
EndGlobal
