
Microsoft Visual Studio Solution File, Format Version 12.00
Project("{FAE04EC0-301F-11D3-BF4B-00C04F79EFBC}") = "PhysicalFileProvider", "PhysicalFileProvider.csproj", "{65BA0A07-FB16-4665-B69B-9D9982F15855}"
EndProject
Global
	GlobalSection(SolutionConfigurationPlatforms) = preSolution
		Debug|Any CPU = Debug|Any CPU
		Release|Any CPU = Release|Any CPU
	EndGlobalSection
	GlobalSection(ProjectConfigurationPlatforms) = postSolution
		{65BA0A07-FB16-4665-B69B-9D9982F15855}.Debug|Any CPU.ActiveCfg = Debug|Any CPU
		{65BA0A07-FB16-4665-B69B-9D9982F15855}.Debug|Any CPU.Build.0 = Debug|Any CPU
		{65BA0A07-FB16-4665-B69B-9D9982F15855}.Release|Any CPU.ActiveCfg = Release|Any CPU
		{65BA0A07-FB16-4665-B69B-9D9982F15855}.Release|Any CPU.Build.0 = Release|Any CPU
	EndGlobalSection
EndGlobal
