
Microsoft Visual Studio Solution File, Format Version 12.00
# Visual Studio Version 17
VisualStudioVersion = 17.0.31919.166
MinimumVisualStudioVersion = 10.0.40219.1
Project("{FAE04EC0-301F-11D3-BF4B-00C04F79EFBC}") = "InitIdentityDatabase", "InitIdentityDatabase.csproj", "{FF5C5D64-B4A8-4377-A33A-8BEE350A2159}"
EndProject
Global
	GlobalSection(SolutionConfigurationPlatforms) = preSolution
		Debug|Any CPU = Debug|Any CPU
		Release|Any CPU = Release|Any CPU
	EndGlobalSection
	GlobalSection(ProjectConfigurationPlatforms) = postSolution
		{FF5C5D64-B4A8-4377-A33A-8BEE350A2159}.Debug|Any CPU.ActiveCfg = Debug|Any CPU
		{FF5C5D64-B4A8-4377-A33A-8BEE350A2159}.Debug|Any CPU.Build.0 = Debug|Any CPU
		{FF5C5D64-B4A8-4377-A33A-8BEE350A2159}.Release|Any CPU.ActiveCfg = Release|Any CPU
		{FF5C5D64-B4A8-4377-A33A-8BEE350A2159}.Release|Any CPU.Build.0 = Release|Any CPU
	EndGlobalSection
	GlobalSection(SolutionProperties) = preSolution
		HideSolutionNode = FALSE
	EndGlobalSection
	GlobalSection(ExtensibilityGlobals) = postSolution
		SolutionGuid = {DAC2FEBB-9AF6-4382-85CB-42C061D56E04}
	EndGlobalSection
EndGlobal
