
Microsoft Visual Studio Solution File, Format Version 12.00
# Visual Studio Version 17
VisualStudioVersion = 17.1.31911.260
MinimumVisualStudioVersion = 10.0.40219.1
Project("{FAE04EC0-301F-11D3-BF4B-00C04F79EFBC}") = "PostgresDataAccessor", "PostgresDataAccessor.csproj", "{E2928089-DAE5-404F-88C4-B4AC7D6FDAC6}"
EndProject
Global
	GlobalSection(SolutionConfigurationPlatforms) = preSolution
		Debug|Any CPU = Debug|Any CPU
		Release|Any CPU = Release|Any CPU
	EndGlobalSection
	GlobalSection(ProjectConfigurationPlatforms) = postSolution
		{E2928089-DAE5-404F-88C4-B4AC7D6FDAC6}.Debug|Any CPU.ActiveCfg = Debug|Any CPU
		{E2928089-DAE5-404F-88C4-B4AC7D6FDAC6}.Debug|Any CPU.Build.0 = Debug|Any CPU
		{E2928089-DAE5-404F-88C4-B4AC7D6FDAC6}.Release|Any CPU.ActiveCfg = Release|Any CPU
		{E2928089-DAE5-404F-88C4-B4AC7D6FDAC6}.Release|Any CPU.Build.0 = Release|Any CPU
	EndGlobalSection
	GlobalSection(SolutionProperties) = preSolution
		HideSolutionNode = FALSE
	EndGlobalSection
	GlobalSection(ExtensibilityGlobals) = postSolution
		SolutionGuid = {79EE800D-CD93-48FA-9FF0-B36A09E98471}
	EndGlobalSection
EndGlobal
