
Microsoft Visual Studio Solution File, Format Version 12.00
# Visual Studio Version 16
VisualStudioVersion = 16.0.29920.165
MinimumVisualStudioVersion = 10.0.40219.1
Project("{9A19103F-16F7-4668-BE54-9A1E7A4F7556}") = "HostedServiceSample", "HostedServiceSample.csproj", "{00521319-1F6F-48BE-9287-CFAE2D74912C}"
EndProject
Global
	GlobalSection(SolutionConfigurationPlatforms) = preSolution
		Debug|Any CPU = Debug|Any CPU
		Release|Any CPU = Release|Any CPU
	EndGlobalSection
	GlobalSection(ProjectConfigurationPlatforms) = postSolution
		{00521319-1F6F-48BE-9287-CFAE2D74912C}.Debug|Any CPU.ActiveCfg = Debug|Any CPU
		{00521319-1F6F-48BE-9287-CFAE2D74912C}.Debug|Any CPU.Build.0 = Debug|Any CPU
		{00521319-1F6F-48BE-9287-CFAE2D74912C}.Release|Any CPU.ActiveCfg = Release|Any CPU
		{00521319-1F6F-48BE-9287-CFAE2D74912C}.Release|Any CPU.Build.0 = Release|Any CPU
	EndGlobalSection
	GlobalSection(SolutionProperties) = preSolution
		HideSolutionNode = FALSE
	EndGlobalSection
	GlobalSection(ExtensibilityGlobals) = postSolution
		SolutionGuid = {7F1DDA1D-BC32-41CA-8B28-99EA32818BB2}
	EndGlobalSection
EndGlobal
