
Microsoft Visual Studio Solution File, Format Version 12.00
# Visual Studio Version 16
VisualStudioVersion = 16.0.31129.286
MinimumVisualStudioVersion = 10.0.40219.1
Project("{FAE04EC0-301F-11D3-BF4B-00C04F79EFBC}") = "JsonPatchDemo", "JsonPatchDemo.csproj", "{3E95510E-B22B-4FB2-91F4-57249FAB6A88}"
EndProject
Global
	GlobalSection(SolutionConfigurationPlatforms) = preSolution
		Debug|Any CPU = Debug|Any CPU
		Release|Any CPU = Release|Any CPU
	EndGlobalSection
	GlobalSection(ProjectConfigurationPlatforms) = postSolution
		{3E95510E-B22B-4FB2-91F4-57249FAB6A88}.Debug|Any CPU.ActiveCfg = Debug|Any CPU
		{3E95510E-B22B-4FB2-91F4-57249FAB6A88}.Debug|Any CPU.Build.0 = Debug|Any CPU
		{3E95510E-B22B-4FB2-91F4-57249FAB6A88}.Release|Any CPU.ActiveCfg = Release|Any CPU
		{3E95510E-B22B-4FB2-91F4-57249FAB6A88}.Release|Any CPU.Build.0 = Release|Any CPU
	EndGlobalSection
	GlobalSection(SolutionProperties) = preSolution
		HideSolutionNode = FALSE
	EndGlobalSection
	GlobalSection(ExtensibilityGlobals) = postSolution
		SolutionGuid = {09F5CA10-0723-447B-93A9-BFA4B575BEE4}
	EndGlobalSection
EndGlobal
