
Microsoft Visual Studio Solution File, Format Version 12.00
# Visual Studio Version 16
VisualStudioVersion = 16.0.30114.105
MinimumVisualStudioVersion = 10.0.40219.1
Project("{9A19103F-16F7-4668-BE54-9A1E7A4F7556}") = "ControllerExceptions", "ControllerExceptions\ControllerExceptions.csproj", "{CEB9C896-79A0-4870-A1BC-A2FD6D151845}"
EndProject
Global
	GlobalSection(SolutionConfigurationPlatforms) = preSolution
		Debug|Any CPU = Debug|Any CPU
		Release|Any CPU = Release|Any CPU
	EndGlobalSection
	GlobalSection(ProjectConfigurationPlatforms) = postSolution
		{CEB9C896-79A0-4870-A1BC-A2FD6D151845}.Debug|Any CPU.ActiveCfg = Debug|Any CPU
		{CEB9C896-79A0-4870-A1BC-A2FD6D151845}.Debug|Any CPU.Build.0 = Debug|Any CPU
		{CEB9C896-79A0-4870-A1BC-A2FD6D151845}.Release|Any CPU.ActiveCfg = Release|Any CPU
		{CEB9C896-79A0-4870-A1BC-A2FD6D151845}.Release|Any CPU.Build.0 = Release|Any CPU
	EndGlobalSection
	GlobalSection(SolutionProperties) = preSolution
		HideSolutionNode = FALSE
	EndGlobalSection
	GlobalSection(ExtensibilityGlobals) = postSolution
		SolutionGuid = {326FFE4E-5E99-4184-8102-080A13E6DF9D}
	EndGlobalSection
EndGlobal
