
Microsoft Visual Studio Solution File, Format Version 12.00
# Visual Studio Version 16
Project("{FAE04EC0-301F-11D3-BF4B-00C04F79EFBC}") = "SimpleWebApi", "SimpleWebApi\SimpleWebApi.csproj", "{703F8283-0FE7-40B2-89EE-32E6DA445E18}"
EndProject
Project("{FAE04EC0-301F-11D3-BF4B-00C04F79EFBC}") = "SimpleWebApi.Configuration", "SimpleWebApi.Configuration\SimpleWebApi.Configuration.csproj", "{3F52684E-2047-4AE9-A449-9ADE55567FE1}"
EndProject
Global
	GlobalSection(SolutionConfigurationPlatforms) = preSolution
		Debug|Any CPU = Debug|Any CPU
		Release|Any CPU = Release|Any CPU
	EndGlobalSection
	GlobalSection(ProjectConfigurationPlatforms) = postSolution
		{703F8283-0FE7-40B2-89EE-32E6DA445E18}.Debug|Any CPU.ActiveCfg = Debug|Any CPU
		{703F8283-0FE7-40B2-89EE-32E6DA445E18}.Debug|Any CPU.Build.0 = Debug|Any CPU
		{703F8283-0FE7-40B2-89EE-32E6DA445E18}.Release|Any CPU.ActiveCfg = Release|Any CPU
		{703F8283-0FE7-40B2-89EE-32E6DA445E18}.Release|Any CPU.Build.0 = Release|Any CPU
		{3F52684E-2047-4AE9-A449-9ADE55567FE1}.Debug|Any CPU.ActiveCfg = Debug|Any CPU
		{3F52684E-2047-4AE9-A449-9ADE55567FE1}.Debug|Any CPU.Build.0 = Debug|Any CPU
		{3F52684E-2047-4AE9-A449-9ADE55567FE1}.Release|Any CPU.ActiveCfg = Release|Any CPU
		{3F52684E-2047-4AE9-A449-9ADE55567FE1}.Release|Any CPU.Build.0 = Release|Any CPU
	EndGlobalSection
EndGlobal
